
Microsoft Visual Studio Solution File, Format Version 12.00
# Visual Studio 2013
VisualStudioVersion = 12.0.40629.0
MinimumVisualStudioVersion = 10.0.40219.1
Project("{FAE04EC0-301F-11D3-BF4B-00C04F79EFBC}") = "MarcelJoachimKloubert.DWAD", "MarcelJoachimKloubert.DWAD\MarcelJoachimKloubert.DWAD.csproj", "{0C878352-4AB1-49F4-BEEA-9AA82A48A86C}"
EndProject
Project("{FAE04EC0-301F-11D3-BF4B-00C04F79EFBC}") = "MarcelJoachimKloubert.DWAD.Test", "MarcelJoachimKloubert.DWAD.Test\MarcelJoachimKloubert.DWAD.Test.csproj", "{611F815F-9AD6-41FB-9967-FB7249D20515}"
EndProject
Project("{FAE04EC0-301F-11D3-BF4B-00C04F79EFBC}") = "MarcelJoachimKloubert.DWAD.MapViewer", "MarcelJoachimKloubert.DWAD.MapViewer\MarcelJoachimKloubert.DWAD.MapViewer.csproj", "{79E6FE06-7F65-418A-9BFC-5E4C1A5DDEB9}"
EndProject
Project("{2150E333-8FDC-42A3-9474-1A3956D46DE8}") = "Tools", "Tools", "{F66F41F2-3625-4010-B2F3-144B652041E2}"
EndProject
Project("{FAE04EC0-301F-11D3-BF4B-00C04F79EFBC}") = "MarcelJoachimKloubert.DWAD.LumpViewer", "MarcelJoachimKloubert.DWAD.LumpViewer\MarcelJoachimKloubert.DWAD.LumpViewer.csproj", "{60AC38EF-1A3E-4419-91D1-180EC0BEC2B0}"
EndProject
Global
	GlobalSection(SolutionConfigurationPlatforms) = preSolution
		Debug|Any CPU = Debug|Any CPU
		Release|Any CPU = Release|Any CPU
	EndGlobalSection
	GlobalSection(ProjectConfigurationPlatforms) = postSolution
		{0C878352-4AB1-49F4-BEEA-9AA82A48A86C}.Debug|Any CPU.ActiveCfg = Debug|Any CPU
		{0C878352-4AB1-49F4-BEEA-9AA82A48A86C}.Debug|Any CPU.Build.0 = Debug|Any CPU
		{0C878352-4AB1-49F4-BEEA-9AA82A48A86C}.Release|Any CPU.ActiveCfg = Release|Any CPU
		{0C878352-4AB1-49F4-BEEA-9AA82A48A86C}.Release|Any CPU.Build.0 = Release|Any CPU
		{611F815F-9AD6-41FB-9967-FB7249D20515}.Debug|Any CPU.ActiveCfg = Debug|Any CPU
		{611F815F-9AD6-41FB-9967-FB7249D20515}.Debug|Any CPU.Build.0 = Debug|Any CPU
		{611F815F-9AD6-41FB-9967-FB7249D20515}.Release|Any CPU.ActiveCfg = Release|Any CPU
		{611F815F-9AD6-41FB-9967-FB7249D20515}.Release|Any CPU.Build.0 = Release|Any CPU
		{79E6FE06-7F65-418A-9BFC-5E4C1A5DDEB9}.Debug|Any CPU.ActiveCfg = Debug|Any CPU
		{79E6FE06-7F65-418A-9BFC-5E4C1A5DDEB9}.Debug|Any CPU.Build.0 = Debug|Any CPU
		{79E6FE06-7F65-418A-9BFC-5E4C1A5DDEB9}.Release|Any CPU.ActiveCfg = Release|Any CPU
		{79E6FE06-7F65-418A-9BFC-5E4C1A5DDEB9}.Release|Any CPU.Build.0 = Release|Any CPU
		{60AC38EF-1A3E-4419-91D1-180EC0BEC2B0}.Debug|Any CPU.ActiveCfg = Debug|Any CPU
		{60AC38EF-1A3E-4419-91D1-180EC0BEC2B0}.Debug|Any CPU.Build.0 = Debug|Any CPU
		{60AC38EF-1A3E-4419-91D1-180EC0BEC2B0}.Release|Any CPU.ActiveCfg = Release|Any CPU
		{60AC38EF-1A3E-4419-91D1-180EC0BEC2B0}.Release|Any CPU.Build.0 = Release|Any CPU
	EndGlobalSection
	GlobalSection(SolutionProperties) = preSolution
		HideSolutionNode = FALSE
	EndGlobalSection
	GlobalSection(NestedProjects) = preSolution
		{79E6FE06-7F65-418A-9BFC-5E4C1A5DDEB9} = {F66F41F2-3625-4010-B2F3-144B652041E2}
		{60AC38EF-1A3E-4419-91D1-180EC0BEC2B0} = {F66F41F2-3625-4010-B2F3-144B652041E2}
	EndGlobalSection
EndGlobal
